
Microsoft Visual Studio Solution File, Format Version 12.00
# Visual Studio 15
VisualStudioVersion = 15.0.28307.271
MinimumVisualStudioVersion = 10.0.40219.1
Project("{FAE04EC0-301F-11D3-BF4B-00C04F79EFBC}") = "ClassEx1", "ClassEx1\ClassEx1.csproj", "{9A09F689-64F6-47E5-B0D7-9E312692A16B}"
EndProject
Project("{FAE04EC0-301F-11D3-BF4B-00C04F79EFBC}") = "DefaultConstructorCaseStudy", "DefaultConstructorCaseStudy\DefaultConstructorCaseStudy.csproj", "{8D368E07-336D-4B28-B981-B09990A1CC1F}"
EndProject
Project("{FAE04EC0-301F-11D3-BF4B-00C04F79EFBC}") = "ConsEx2", "ConsEx2\ConsEx2.csproj", "{5F24E2ED-F154-45E4-85C2-26E1D12EA96C}"
EndProject
Project("{FAE04EC0-301F-11D3-BF4B-00C04F79EFBC}") = "ClassEx2", "ClassEx2\ClassEx2.csproj", "{2EA47BB8-5383-45E2-8A0C-64B61C65F746}"
EndProject
Project("{FAE04EC0-301F-11D3-BF4B-00C04F79EFBC}") = "ClassEx4", "ClassEx4\ClassEx4.csproj", "{F613562F-129C-4170-9DDF-C3AE15421C2A}"
EndProject
Project("{FAE04EC0-301F-11D3-BF4B-00C04F79EFBC}") = "InstanceMethodDemo", "InstanceMethodDemo\InstanceMethodDemo.csproj", "{AB952D0A-0D38-4D48-BA22-F3BF76E6881C}"
EndProject
Project("{FAE04EC0-301F-11D3-BF4B-00C04F79EFBC}") = "ObjectInitializerEx1", "ObjectInitializerEx1\ObjectInitializerEx1.csproj", "{61C7A7A7-EDAF-4D27-8D01-680D618A256B}"
EndProject
Project("{FAE04EC0-301F-11D3-BF4B-00C04F79EFBC}") = "OptionalParameterEx1", "OptionalParameterEx1\OptionalParameterEx1.csproj", "{B6F32BB8-9C45-4200-81CB-5420D64CA47C}"
EndProject
Project("{FAE04EC0-301F-11D3-BF4B-00C04F79EFBC}") = "InheritanceEx1", "InheritanceEx1\InheritanceEx1.csproj", "{6E337813-9367-4E34-8418-EFB5D850BD7E}"
EndProject
Project("{FAE04EC0-301F-11D3-BF4B-00C04F79EFBC}") = "InheritanceWithPrivateMemberTest", "InheritanceWithPrivateMemberTest\InheritanceWithPrivateMemberTest.csproj", "{A30A5A8F-CD04-4E7A-85CD-F41F7BBB1DF2}"
EndProject
Project("{FAE04EC0-301F-11D3-BF4B-00C04F79EFBC}") = "MultipleInheritanceError", "MultipleInheritanceError\MultipleInheritanceError.csproj", "{F1992C41-7BAF-4FA5-B5CC-F548B186FBFF}"
EndProject
Project("{FAE04EC0-301F-11D3-BF4B-00C04F79EFBC}") = "ConstructorCallSequenceTest", "ConstructorCallSequenceTest\ConstructorCallSequenceTest.csproj", "{23E470ED-4E44-409A-B3E7-5D6FD3FD9B8A}"
EndProject
Project("{FAE04EC0-301F-11D3-BF4B-00C04F79EFBC}") = "UseOfbaseKeywordEx1", "UseOfbaseKeywordEx1\UseOfbaseKeywordEx1.csproj", "{0EA88DDB-40F0-492E-A50B-FFFB009C3815}"
EndProject
Project("{FAE04EC0-301F-11D3-BF4B-00C04F79EFBC}") = "FieldInitializationOrderEx1", "FieldInitializationOrderEx1\FieldInitializationOrderEx1.csproj", "{E64F8FDB-9A4C-47CA-BDF0-44D3C55E794C}"
EndProject
Project("{FAE04EC0-301F-11D3-BF4B-00C04F79EFBC}") = "UseOfbaseKeywordEx2", "UseOfbaseKeywordEx2\UseOfbaseKeywordEx2.csproj", "{5221FCC1-4EC7-4C8B-AFB5-F613D8BA4F81}"
EndProject
Project("{FAE04EC0-301F-11D3-BF4B-00C04F79EFBC}") = "UseOfbaseKeywordEx3", "UseOfbaseKeywordEx3\UseOfbaseKeywordEx3.csproj", "{3D05DA7F-A72B-46CE-91CA-3895D9E5C247}"
EndProject
Project("{FAE04EC0-301F-11D3-BF4B-00C04F79EFBC}") = "OverloadingEx1", "OverloadingEx1\OverloadingEx1.csproj", "{D3A95CCC-0574-4CCB-B69C-6D7F07229573}"
EndProject
Project("{FAE04EC0-301F-11D3-BF4B-00C04F79EFBC}") = "ConstructorOverloadingEx1", "ConstructorOverloadingEx1\ConstructorOverloadingEx1.csproj", "{09AA0E49-4960-4865-9445-1011861A8C23}"
EndProject
Project("{FAE04EC0-301F-11D3-BF4B-00C04F79EFBC}") = "OverloadingMainEx", "OverloadingMainEx\OverloadingMainEx.csproj", "{390C9C15-04CE-4EA3-9E74-99373FBAA36C}"
EndProject
Project("{FAE04EC0-301F-11D3-BF4B-00C04F79EFBC}") = "MultipleMainTest", "MultipleMainTest\MultipleMainTest.csproj", "{3B418D9B-83F0-4E84-9A2C-B92B94E01A7E}"
EndProject
Project("{FAE04EC0-301F-11D3-BF4B-00C04F79EFBC}") = "OperatorOverloadingEx", "OperatorOverloadingEx\OperatorOverloadingEx.csproj", "{07EDB8B0-C536-469E-8FB0-8EF8D816F276}"
EndProject
Project("{FAE04EC0-301F-11D3-BF4B-00C04F79EFBC}") = "OperatorOverloadingEx2", "OperatorOverloadingEx2\OperatorOverloadingEx2.csproj", "{3DA90D99-A0E0-4829-B102-65062AE8CB96}"
EndProject
Project("{FAE04EC0-301F-11D3-BF4B-00C04F79EFBC}") = "OverridingEx1", "OverridingEx1\OverridingEx1.csproj", "{22DD4B3C-C0EE-43EC-9BC7-03E7068C0E81}"
EndProject
Project("{FAE04EC0-301F-11D3-BF4B-00C04F79EFBC}") = "OverridingEx2", "OverridingEx2\OverridingEx2.csproj", "{60DC87FE-73CA-439B-8598-ACAD6DED3B3C}"
EndProject
Project("{FAE04EC0-301F-11D3-BF4B-00C04F79EFBC}") = "BaseRefToChildObjectEx1", "BaseRefToChildObjectEx1\BaseRefToChildObjectEx1.csproj", "{78D53002-C78A-4EA8-BF2F-9B4E818E05AD}"
EndProject
Project("{FAE04EC0-301F-11D3-BF4B-00C04F79EFBC}") = "PloymorphismEx1", "PloymorphismEx1\PloymorphismEx1.csproj", "{343BBD22-AF5E-491F-A854-D968DEF9287A}"
EndProject
Project("{FAE04EC0-301F-11D3-BF4B-00C04F79EFBC}") = "PolymorphsmEx3", "PolymorphsmEx3\PolymorphsmEx3.csproj", "{0A35411C-CD8D-4A65-9C9D-C1A32BE8E4AB}"
EndProject
Project("{FAE04EC0-301F-11D3-BF4B-00C04F79EFBC}") = "PolymorphismEx4", "PolymorphismEx4\PolymorphismEx4.csproj", "{02272C1B-3BFA-41B0-99F8-2EF4F2D8BDAE}"
EndProject
Project("{FAE04EC0-301F-11D3-BF4B-00C04F79EFBC}") = "PolymorphismEx5", "PolymorphismEx5\PolymorphismEx5.csproj", "{281ECF89-0E62-44EA-A794-D79BCD81FD39}"
EndProject
Global
	GlobalSection(SolutionConfigurationPlatforms) = preSolution
		Debug|Any CPU = Debug|Any CPU
		Release|Any CPU = Release|Any CPU
	EndGlobalSection
	GlobalSection(ProjectConfigurationPlatforms) = postSolution
		{9A09F689-64F6-47E5-B0D7-9E312692A16B}.Debug|Any CPU.ActiveCfg = Debug|Any CPU
		{9A09F689-64F6-47E5-B0D7-9E312692A16B}.Debug|Any CPU.Build.0 = Debug|Any CPU
		{9A09F689-64F6-47E5-B0D7-9E312692A16B}.Release|Any CPU.ActiveCfg = Release|Any CPU
		{9A09F689-64F6-47E5-B0D7-9E312692A16B}.Release|Any CPU.Build.0 = Release|Any CPU
		{8D368E07-336D-4B28-B981-B09990A1CC1F}.Debug|Any CPU.ActiveCfg = Debug|Any CPU
		{8D368E07-336D-4B28-B981-B09990A1CC1F}.Debug|Any CPU.Build.0 = Debug|Any CPU
		{8D368E07-336D-4B28-B981-B09990A1CC1F}.Release|Any CPU.ActiveCfg = Release|Any CPU
		{8D368E07-336D-4B28-B981-B09990A1CC1F}.Release|Any CPU.Build.0 = Release|Any CPU
		{5F24E2ED-F154-45E4-85C2-26E1D12EA96C}.Debug|Any CPU.ActiveCfg = Debug|Any CPU
		{5F24E2ED-F154-45E4-85C2-26E1D12EA96C}.Debug|Any CPU.Build.0 = Debug|Any CPU
		{5F24E2ED-F154-45E4-85C2-26E1D12EA96C}.Release|Any CPU.ActiveCfg = Release|Any CPU
		{5F24E2ED-F154-45E4-85C2-26E1D12EA96C}.Release|Any CPU.Build.0 = Release|Any CPU
		{2EA47BB8-5383-45E2-8A0C-64B61C65F746}.Debug|Any CPU.ActiveCfg = Debug|Any CPU
		{2EA47BB8-5383-45E2-8A0C-64B61C65F746}.Debug|Any CPU.Build.0 = Debug|Any CPU
		{2EA47BB8-5383-45E2-8A0C-64B61C65F746}.Release|Any CPU.ActiveCfg = Release|Any CPU
		{2EA47BB8-5383-45E2-8A0C-64B61C65F746}.Release|Any CPU.Build.0 = Release|Any CPU
		{F613562F-129C-4170-9DDF-C3AE15421C2A}.Debug|Any CPU.ActiveCfg = Debug|Any CPU
		{F613562F-129C-4170-9DDF-C3AE15421C2A}.Debug|Any CPU.Build.0 = Debug|Any CPU
		{F613562F-129C-4170-9DDF-C3AE15421C2A}.Release|Any CPU.ActiveCfg = Release|Any CPU
		{F613562F-129C-4170-9DDF-C3AE15421C2A}.Release|Any CPU.Build.0 = Release|Any CPU
		{AB952D0A-0D38-4D48-BA22-F3BF76E6881C}.Debug|Any CPU.ActiveCfg = Debug|Any CPU
		{AB952D0A-0D38-4D48-BA22-F3BF76E6881C}.Debug|Any CPU.Build.0 = Debug|Any CPU
		{AB952D0A-0D38-4D48-BA22-F3BF76E6881C}.Release|Any CPU.ActiveCfg = Release|Any CPU
		{AB952D0A-0D38-4D48-BA22-F3BF76E6881C}.Release|Any CPU.Build.0 = Release|Any CPU
		{61C7A7A7-EDAF-4D27-8D01-680D618A256B}.Debug|Any CPU.ActiveCfg = Debug|Any CPU
		{61C7A7A7-EDAF-4D27-8D01-680D618A256B}.Debug|Any CPU.Build.0 = Debug|Any CPU
		{61C7A7A7-EDAF-4D27-8D01-680D618A256B}.Release|Any CPU.ActiveCfg = Release|Any CPU
		{61C7A7A7-EDAF-4D27-8D01-680D618A256B}.Release|Any CPU.Build.0 = Release|Any CPU
		{B6F32BB8-9C45-4200-81CB-5420D64CA47C}.Debug|Any CPU.ActiveCfg = Debug|Any CPU
		{B6F32BB8-9C45-4200-81CB-5420D64CA47C}.Debug|Any CPU.Build.0 = Debug|Any CPU
		{B6F32BB8-9C45-4200-81CB-5420D64CA47C}.Release|Any CPU.ActiveCfg = Release|Any CPU
		{B6F32BB8-9C45-4200-81CB-5420D64CA47C}.Release|Any CPU.Build.0 = Release|Any CPU
		{6E337813-9367-4E34-8418-EFB5D850BD7E}.Debug|Any CPU.ActiveCfg = Debug|Any CPU
		{6E337813-9367-4E34-8418-EFB5D850BD7E}.Debug|Any CPU.Build.0 = Debug|Any CPU
		{6E337813-9367-4E34-8418-EFB5D850BD7E}.Release|Any CPU.ActiveCfg = Release|Any CPU
		{6E337813-9367-4E34-8418-EFB5D850BD7E}.Release|Any CPU.Build.0 = Release|Any CPU
		{A30A5A8F-CD04-4E7A-85CD-F41F7BBB1DF2}.Debug|Any CPU.ActiveCfg = Debug|Any CPU
		{A30A5A8F-CD04-4E7A-85CD-F41F7BBB1DF2}.Debug|Any CPU.Build.0 = Debug|Any CPU
		{A30A5A8F-CD04-4E7A-85CD-F41F7BBB1DF2}.Release|Any CPU.ActiveCfg = Release|Any CPU
		{A30A5A8F-CD04-4E7A-85CD-F41F7BBB1DF2}.Release|Any CPU.Build.0 = Release|Any CPU
		{F1992C41-7BAF-4FA5-B5CC-F548B186FBFF}.Debug|Any CPU.ActiveCfg = Debug|Any CPU
		{F1992C41-7BAF-4FA5-B5CC-F548B186FBFF}.Debug|Any CPU.Build.0 = Debug|Any CPU
		{F1992C41-7BAF-4FA5-B5CC-F548B186FBFF}.Release|Any CPU.ActiveCfg = Release|Any CPU
		{F1992C41-7BAF-4FA5-B5CC-F548B186FBFF}.Release|Any CPU.Build.0 = Release|Any CPU
		{23E470ED-4E44-409A-B3E7-5D6FD3FD9B8A}.Debug|Any CPU.ActiveCfg = Debug|Any CPU
		{23E470ED-4E44-409A-B3E7-5D6FD3FD9B8A}.Debug|Any CPU.Build.0 = Debug|Any CPU
		{23E470ED-4E44-409A-B3E7-5D6FD3FD9B8A}.Release|Any CPU.ActiveCfg = Release|Any CPU
		{23E470ED-4E44-409A-B3E7-5D6FD3FD9B8A}.Release|Any CPU.Build.0 = Release|Any CPU
		{0EA88DDB-40F0-492E-A50B-FFFB009C3815}.Debug|Any CPU.ActiveCfg = Debug|Any CPU
		{0EA88DDB-40F0-492E-A50B-FFFB009C3815}.Debug|Any CPU.Build.0 = Debug|Any CPU
		{0EA88DDB-40F0-492E-A50B-FFFB009C3815}.Release|Any CPU.ActiveCfg = Release|Any CPU
		{0EA88DDB-40F0-492E-A50B-FFFB009C3815}.Release|Any CPU.Build.0 = Release|Any CPU
		{E64F8FDB-9A4C-47CA-BDF0-44D3C55E794C}.Debug|Any CPU.ActiveCfg = Debug|Any CPU
		{E64F8FDB-9A4C-47CA-BDF0-44D3C55E794C}.Debug|Any CPU.Build.0 = Debug|Any CPU
		{E64F8FDB-9A4C-47CA-BDF0-44D3C55E794C}.Release|Any CPU.ActiveCfg = Release|Any CPU
		{E64F8FDB-9A4C-47CA-BDF0-44D3C55E794C}.Release|Any CPU.Build.0 = Release|Any CPU
		{5221FCC1-4EC7-4C8B-AFB5-F613D8BA4F81}.Debug|Any CPU.ActiveCfg = Debug|Any CPU
		{5221FCC1-4EC7-4C8B-AFB5-F613D8BA4F81}.Debug|Any CPU.Build.0 = Debug|Any CPU
		{5221FCC1-4EC7-4C8B-AFB5-F613D8BA4F81}.Release|Any CPU.ActiveCfg = Release|Any CPU
		{5221FCC1-4EC7-4C8B-AFB5-F613D8BA4F81}.Release|Any CPU.Build.0 = Release|Any CPU
		{3D05DA7F-A72B-46CE-91CA-3895D9E5C247}.Debug|Any CPU.ActiveCfg = Debug|Any CPU
		{3D05DA7F-A72B-46CE-91CA-3895D9E5C247}.Debug|Any CPU.Build.0 = Debug|Any CPU
		{3D05DA7F-A72B-46CE-91CA-3895D9E5C247}.Release|Any CPU.ActiveCfg = Release|Any CPU
		{3D05DA7F-A72B-46CE-91CA-3895D9E5C247}.Release|Any CPU.Build.0 = Release|Any CPU
		{D3A95CCC-0574-4CCB-B69C-6D7F07229573}.Debug|Any CPU.ActiveCfg = Debug|Any CPU
		{D3A95CCC-0574-4CCB-B69C-6D7F07229573}.Debug|Any CPU.Build.0 = Debug|Any CPU
		{D3A95CCC-0574-4CCB-B69C-6D7F07229573}.Release|Any CPU.ActiveCfg = Release|Any CPU
		{D3A95CCC-0574-4CCB-B69C-6D7F07229573}.Release|Any CPU.Build.0 = Release|Any CPU
		{09AA0E49-4960-4865-9445-1011861A8C23}.Debug|Any CPU.ActiveCfg = Debug|Any CPU
		{09AA0E49-4960-4865-9445-1011861A8C23}.Debug|Any CPU.Build.0 = Debug|Any CPU
		{09AA0E49-4960-4865-9445-1011861A8C23}.Release|Any CPU.ActiveCfg = Release|Any CPU
		{09AA0E49-4960-4865-9445-1011861A8C23}.Release|Any CPU.Build.0 = Release|Any CPU
		{390C9C15-04CE-4EA3-9E74-99373FBAA36C}.Debug|Any CPU.ActiveCfg = Debug|Any CPU
		{390C9C15-04CE-4EA3-9E74-99373FBAA36C}.Debug|Any CPU.Build.0 = Debug|Any CPU
		{390C9C15-04CE-4EA3-9E74-99373FBAA36C}.Release|Any CPU.ActiveCfg = Release|Any CPU
		{390C9C15-04CE-4EA3-9E74-99373FBAA36C}.Release|Any CPU.Build.0 = Release|Any CPU
		{3B418D9B-83F0-4E84-9A2C-B92B94E01A7E}.Debug|Any CPU.ActiveCfg = Debug|Any CPU
		{3B418D9B-83F0-4E84-9A2C-B92B94E01A7E}.Debug|Any CPU.Build.0 = Debug|Any CPU
		{3B418D9B-83F0-4E84-9A2C-B92B94E01A7E}.Release|Any CPU.ActiveCfg = Release|Any CPU
		{3B418D9B-83F0-4E84-9A2C-B92B94E01A7E}.Release|Any CPU.Build.0 = Release|Any CPU
		{07EDB8B0-C536-469E-8FB0-8EF8D816F276}.Debug|Any CPU.ActiveCfg = Debug|Any CPU
		{07EDB8B0-C536-469E-8FB0-8EF8D816F276}.Debug|Any CPU.Build.0 = Debug|Any CPU
		{07EDB8B0-C536-469E-8FB0-8EF8D816F276}.Release|Any CPU.ActiveCfg = Release|Any CPU
		{07EDB8B0-C536-469E-8FB0-8EF8D816F276}.Release|Any CPU.Build.0 = Release|Any CPU
		{3DA90D99-A0E0-4829-B102-65062AE8CB96}.Debug|Any CPU.ActiveCfg = Debug|Any CPU
		{3DA90D99-A0E0-4829-B102-65062AE8CB96}.Debug|Any CPU.Build.0 = Debug|Any CPU
		{3DA90D99-A0E0-4829-B102-65062AE8CB96}.Release|Any CPU.ActiveCfg = Release|Any CPU
		{3DA90D99-A0E0-4829-B102-65062AE8CB96}.Release|Any CPU.Build.0 = Release|Any CPU
		{22DD4B3C-C0EE-43EC-9BC7-03E7068C0E81}.Debug|Any CPU.ActiveCfg = Debug|Any CPU
		{22DD4B3C-C0EE-43EC-9BC7-03E7068C0E81}.Debug|Any CPU.Build.0 = Debug|Any CPU
		{22DD4B3C-C0EE-43EC-9BC7-03E7068C0E81}.Release|Any CPU.ActiveCfg = Release|Any CPU
		{22DD4B3C-C0EE-43EC-9BC7-03E7068C0E81}.Release|Any CPU.Build.0 = Release|Any CPU
		{60DC87FE-73CA-439B-8598-ACAD6DED3B3C}.Debug|Any CPU.ActiveCfg = Debug|Any CPU
		{60DC87FE-73CA-439B-8598-ACAD6DED3B3C}.Debug|Any CPU.Build.0 = Debug|Any CPU
		{60DC87FE-73CA-439B-8598-ACAD6DED3B3C}.Release|Any CPU.ActiveCfg = Release|Any CPU
		{60DC87FE-73CA-439B-8598-ACAD6DED3B3C}.Release|Any CPU.Build.0 = Release|Any CPU
		{78D53002-C78A-4EA8-BF2F-9B4E818E05AD}.Debug|Any CPU.ActiveCfg = Debug|Any CPU
		{78D53002-C78A-4EA8-BF2F-9B4E818E05AD}.Debug|Any CPU.Build.0 = Debug|Any CPU
		{78D53002-C78A-4EA8-BF2F-9B4E818E05AD}.Release|Any CPU.ActiveCfg = Release|Any CPU
		{78D53002-C78A-4EA8-BF2F-9B4E818E05AD}.Release|Any CPU.Build.0 = Release|Any CPU
		{343BBD22-AF5E-491F-A854-D968DEF9287A}.Debug|Any CPU.ActiveCfg = Debug|Any CPU
		{343BBD22-AF5E-491F-A854-D968DEF9287A}.Debug|Any CPU.Build.0 = Debug|Any CPU
		{343BBD22-AF5E-491F-A854-D968DEF9287A}.Release|Any CPU.ActiveCfg = Release|Any CPU
		{343BBD22-AF5E-491F-A854-D968DEF9287A}.Release|Any CPU.Build.0 = Release|Any CPU
		{0A35411C-CD8D-4A65-9C9D-C1A32BE8E4AB}.Debug|Any CPU.ActiveCfg = Debug|Any CPU
		{0A35411C-CD8D-4A65-9C9D-C1A32BE8E4AB}.Debug|Any CPU.Build.0 = Debug|Any CPU
		{0A35411C-CD8D-4A65-9C9D-C1A32BE8E4AB}.Release|Any CPU.ActiveCfg = Release|Any CPU
		{0A35411C-CD8D-4A65-9C9D-C1A32BE8E4AB}.Release|Any CPU.Build.0 = Release|Any CPU
		{02272C1B-3BFA-41B0-99F8-2EF4F2D8BDAE}.Debug|Any CPU.ActiveCfg = Debug|Any CPU
		{02272C1B-3BFA-41B0-99F8-2EF4F2D8BDAE}.Debug|Any CPU.Build.0 = Debug|Any CPU
		{02272C1B-3BFA-41B0-99F8-2EF4F2D8BDAE}.Release|Any CPU.ActiveCfg = Release|Any CPU
		{02272C1B-3BFA-41B0-99F8-2EF4F2D8BDAE}.Release|Any CPU.Build.0 = Release|Any CPU
		{281ECF89-0E62-44EA-A794-D79BCD81FD39}.Debug|Any CPU.ActiveCfg = Debug|Any CPU
		{281ECF89-0E62-44EA-A794-D79BCD81FD39}.Debug|Any CPU.Build.0 = Debug|Any CPU
		{281ECF89-0E62-44EA-A794-D79BCD81FD39}.Release|Any CPU.ActiveCfg = Release|Any CPU
		{281ECF89-0E62-44EA-A794-D79BCD81FD39}.Release|Any CPU.Build.0 = Release|Any CPU
	EndGlobalSection
	GlobalSection(SolutionProperties) = preSolution
		HideSolutionNode = FALSE
	EndGlobalSection
	GlobalSection(ExtensibilityGlobals) = postSolution
		SolutionGuid = {95402B6F-59DE-47A5-84A6-270CE4B806F3}
	EndGlobalSection
EndGlobal
