
Microsoft Visual Studio Solution File, Format Version 12.00
# Visual Studio 15
VisualStudioVersion = 15.0.28307.271
MinimumVisualStudioVersion = 10.0.40219.1
Project("{FAE04EC0-301F-11D3-BF4B-00C04F79EFBC}") = "ClassEx1", "ClassEx1\ClassEx1.csproj", "{9A09F689-64F6-47E5-B0D7-9E312692A16B}"
EndProject
Project("{FAE04EC0-301F-11D3-BF4B-00C04F79EFBC}") = "DefaultConstructorCaseStudy", "DefaultConstructorCaseStudy\DefaultConstructorCaseStudy.csproj", "{8D368E07-336D-4B28-B981-B09990A1CC1F}"
EndProject
Project("{FAE04EC0-301F-11D3-BF4B-00C04F79EFBC}") = "ConsEx2", "ConsEx2\ConsEx2.csproj", "{5F24E2ED-F154-45E4-85C2-26E1D12EA96C}"
EndProject
Project("{FAE04EC0-301F-11D3-BF4B-00C04F79EFBC}") = "ClassEx2", "ClassEx2\ClassEx2.csproj", "{2EA47BB8-5383-45E2-8A0C-64B61C65F746}"
EndProject
Project("{FAE04EC0-301F-11D3-BF4B-00C04F79EFBC}") = "ClassEx4", "ClassEx4\ClassEx4.csproj", "{F613562F-129C-4170-9DDF-C3AE15421C2A}"
EndProject
Project("{FAE04EC0-301F-11D3-BF4B-00C04F79EFBC}") = "InstanceMethodDemo", "InstanceMethodDemo\InstanceMethodDemo.csproj", "{AB952D0A-0D38-4D48-BA22-F3BF76E6881C}"
EndProject
Project("{FAE04EC0-301F-11D3-BF4B-00C04F79EFBC}") = "ObjectInitializerEx1", "ObjectInitializerEx1\ObjectInitializerEx1.csproj", "{61C7A7A7-EDAF-4D27-8D01-680D618A256B}"
EndProject
Project("{FAE04EC0-301F-11D3-BF4B-00C04F79EFBC}") = "OptionalParameterEx1", "OptionalParameterEx1\OptionalParameterEx1.csproj", "{B6F32BB8-9C45-4200-81CB-5420D64CA47C}"
EndProject
Project("{FAE04EC0-301F-11D3-BF4B-00C04F79EFBC}") = "InheritanceEx1", "InheritanceEx1\InheritanceEx1.csproj", "{6E337813-9367-4E34-8418-EFB5D850BD7E}"
EndProject
Project("{FAE04EC0-301F-11D3-BF4B-00C04F79EFBC}") = "InheritanceWithPrivateMemberTest", "InheritanceWithPrivateMemberTest\InheritanceWithPrivateMemberTest.csproj", "{A30A5A8F-CD04-4E7A-85CD-F41F7BBB1DF2}"
EndProject
Project("{FAE04EC0-301F-11D3-BF4B-00C04F79EFBC}") = "MultipleInheritanceError", "MultipleInheritanceError\MultipleInheritanceError.csproj", "{F1992C41-7BAF-4FA5-B5CC-F548B186FBFF}"
EndProject
Project("{FAE04EC0-301F-11D3-BF4B-00C04F79EFBC}") = "ConstructorCallSequenceTest", "ConstructorCallSequenceTest\ConstructorCallSequenceTest.csproj", "{23E470ED-4E44-409A-B3E7-5D6FD3FD9B8A}"
EndProject
Project("{FAE04EC0-301F-11D3-BF4B-00C04F79EFBC}") = "UseOfbaseKeywordEx1", "UseOfbaseKeywordEx1\UseOfbaseKeywordEx1.csproj", "{0EA88DDB-40F0-492E-A50B-FFFB009C3815}"
EndProject
Project("{FAE04EC0-301F-11D3-BF4B-00C04F79EFBC}") = "FieldInitializationOrderEx1", "FieldInitializationOrderEx1\FieldInitializationOrderEx1.csproj", "{E64F8FDB-9A4C-47CA-BDF0-44D3C55E794C}"
EndProject
Project("{FAE04EC0-301F-11D3-BF4B-00C04F79EFBC}") = "UseOfbaseKeywordEx2", "UseOfbaseKeywordEx2\UseOfbaseKeywordEx2.csproj", "{5221FCC1-4EC7-4C8B-AFB5-F613D8BA4F81}"
EndProject
Project("{FAE04EC0-301F-11D3-BF4B-00C04F79EFBC}") = "UseOfbaseKeywordEx3", "UseOfbaseKeywordEx3\UseOfbaseKeywordEx3.csproj", "{3D05DA7F-A72B-46CE-91CA-3895D9E5C247}"
EndProject
Project("{FAE04EC0-301F-11D3-BF4B-00C04F79EFBC}") = "OverloadingEx1", "OverloadingEx1\OverloadingEx1.csproj", "{D3A95CCC-0574-4CCB-B69C-6D7F07229573}"
EndProject
Project("{FAE04EC0-301F-11D3-BF4B-00C04F79EFBC}") = "ConstructorOverloadingEx1", "ConstructorOverloadingEx1\ConstructorOverloadingEx1.csproj", "{09AA0E49-4960-4865-9445-1011861A8C23}"
EndProject
Project("{FAE04EC0-301F-11D3-BF4B-00C04F79EFBC}") = "OverloadingMainEx", "OverloadingMainEx\OverloadingMainEx.csproj", "{390C9C15-04CE-4EA3-9E74-99373FBAA36C}"
EndProject
Project("{FAE04EC0-301F-11D3-BF4B-00C04F79EFBC}") = "MultipleMainTest", "MultipleMainTest\MultipleMainTest.csproj", "{3B418D9B-83F0-4E84-9A2C-B92B94E01A7E}"
EndProject
Project("{FAE04EC0-301F-11D3-BF4B-00C04F79EFBC}") = "OperatorOverloadingEx", "OperatorOverloadingEx\OperatorOverloadingEx.csproj", "{07EDB8B0-C536-469E-8FB0-8EF8D816F276}"
EndProject
Project("{FAE04EC0-301F-11D3-BF4B-00C04F79EFBC}") = "OperatorOverloadingEx2", "OperatorOverloadingEx2\OperatorOverloadingEx2.csproj", "{3DA90D99-A0E0-4829-B102-65062AE8CB96}"
EndProject
Project("{FAE04EC0-301F-11D3-BF4B-00C04F79EFBC}") = "OverridingEx1", "OverridingEx1\OverridingEx1.csproj", "{22DD4B3C-C0EE-43EC-9BC7-03E7068C0E81}"
EndProject
Project("{FAE04EC0-301F-11D3-BF4B-00C04F79EFBC}") = "OverridingEx2", "OverridingEx2\OverridingEx2.csproj", "{60DC87FE-73CA-439B-8598-ACAD6DED3B3C}"
EndProject
Project("{FAE04EC0-301F-11D3-BF4B-00C04F79EFBC}") = "BaseRefToChildObjectEx1", "BaseRefToChildObjectEx1\BaseRefToChildObjectEx1.csproj", "{78D53002-C78A-4EA8-BF2F-9B4E818E05AD}"
EndProject
Project("{FAE04EC0-301F-11D3-BF4B-00C04F79EFBC}") = "PloymorphismEx1", "PloymorphismEx1\PloymorphismEx1.csproj", "{343BBD22-AF5E-491F-A854-D968DEF9287A}"
EndProject
Project("{FAE04EC0-301F-11D3-BF4B-00C04F79EFBC}") = "PolymorphsmEx3", "PolymorphsmEx3\PolymorphsmEx3.csproj", "{0A35411C-CD8D-4A65-9C9D-C1A32BE8E4AB}"
EndProject
Project("{FAE04EC0-301F-11D3-BF4B-00C04F79EFBC}") = "PolymorphismEx4", "PolymorphismEx4\PolymorphismEx4.csproj", "{02272C1B-3BFA-41B0-99F8-2EF4F2D8BDAE}"
EndProject
Project("{FAE04EC0-301F-11D3-BF4B-00C04F79EFBC}") = "PolymorphismEx5", "PolymorphismEx5\PolymorphismEx5.csproj", "{281ECF89-0E62-44EA-A794-D79BCD81FD39}"
EndProject
Project("{FAE04EC0-301F-11D3-BF4B-00C04F79EFBC}") = "PrivateConstructor", "PrivateConstructor\PrivateConstructor.csproj", "{0471CCC8-1813-41FF-B7A1-1A3F40E189F1}"
EndProject
Project("{FAE04EC0-301F-11D3-BF4B-00C04F79EFBC}") = "QuizOnSealedEx1", "QuizOnSealedEx1\QuizOnSealedEx1.csproj", "{CF275B4D-D784-4216-B662-414174B3440C}"
EndProject
Project("{FAE04EC0-301F-11D3-BF4B-00C04F79EFBC}") = "SealedClassVsA_ClassWithPrivateCons", "SealedClassVsA_ClassWithPrivateCons\SealedClassVsA_ClassWithPrivateCons.csproj", "{159DDB0C-4E08-4C9B-BA1A-75BCFE65FB4A}"
EndProject
Project("{FAE04EC0-301F-11D3-BF4B-00C04F79EFBC}") = "OverloadingWithMultipleClasses", "OverloadingWithMultipleClasses\OverloadingWithMultipleClasses.csproj", "{65FD1691-C18E-4E9A-BF3C-ADE2C79C2BFD}"
EndProject
Project("{FAE04EC0-301F-11D3-BF4B-00C04F79EFBC}") = "OverridingEx3", "OverridingEx3\OverridingEx3.csproj", "{7C27DBBD-3BD4-4F7F-8F6D-FC7826A4E9E3}"
EndProject
Project("{FAE04EC0-301F-11D3-BF4B-00C04F79EFBC}") = "OverridingEx4", "OverridingEx4\OverridingEx4.csproj", "{AEB90F2D-7162-400F-ABA1-00D44C16444A}"
EndProject
Project("{FAE04EC0-301F-11D3-BF4B-00C04F79EFBC}") = "AbstractClassEx1", "AbstractClassEx1\AbstractClassEx1.csproj", "{2EE575AE-BBCF-480E-A0AC-47D3F9954A31}"
EndProject
Project("{FAE04EC0-301F-11D3-BF4B-00C04F79EFBC}") = "AbstractClassEx2", "AbstractClassEx2\AbstractClassEx2.csproj", "{BCE89488-D35B-4C7F-8F05-0008C7304188}"
EndProject
Project("{FAE04EC0-301F-11D3-BF4B-00C04F79EFBC}") = "AbstractClassEx3", "AbstractClassEx3\AbstractClassEx3.csproj", "{B475CFCD-7C47-478C-9538-EF134F67DF71}"
EndProject
Project("{FAE04EC0-301F-11D3-BF4B-00C04F79EFBC}") = "AbstractClassEx4", "AbstractClassEx4\AbstractClassEx4.csproj", "{7174BD85-5973-413D-879A-64B4F81FDAA1}"
EndProject
Project("{FAE04EC0-301F-11D3-BF4B-00C04F79EFBC}") = "ExperimentWithConstructorEx1", "ExperimentWithConstructorEx1\ExperimentWithConstructorEx1.csproj", "{DD1B96A5-5DD1-4A11-A8A1-51EF05AE586B}"
EndProject
Project("{FAE04EC0-301F-11D3-BF4B-00C04F79EFBC}") = "ExperimentWithAccessModifiersEx1", "ExperimentWithAccessModifiersEx1\ExperimentWithAccessModifiersEx1.csproj", "{BB841CC2-FE76-4C2A-96ED-9DB8E2F53694}"
EndProject
Project("{FAE04EC0-301F-11D3-BF4B-00C04F79EFBC}") = "InterfaceEx1", "InterfaceEx1\InterfaceEx1.csproj", "{E5E2DFDD-2168-4119-B341-0B52354026B6}"
EndProject
Project("{FAE04EC0-301F-11D3-BF4B-00C04F79EFBC}") = "InterfaceEx2", "InterfaceEx2\InterfaceEx2.csproj", "{C4BC91A2-B806-4CA1-8E14-21F5F09567F9}"
EndProject
Project("{FAE04EC0-301F-11D3-BF4B-00C04F79EFBC}") = "InterfaceEx3", "InterfaceEx3\InterfaceEx3.csproj", "{0F95A06C-C9A3-4898-91ED-90A6D9F555D9}"
EndProject
Project("{FAE04EC0-301F-11D3-BF4B-00C04F79EFBC}") = "InterfaceEx4", "InterfaceEx4\InterfaceEx4.csproj", "{A22B0719-358B-4D46-BE76-EB9020842BD8}"
EndProject
Project("{FAE04EC0-301F-11D3-BF4B-00C04F79EFBC}") = "InterfaceEx5", "InterfaceEx5\InterfaceEx5.csproj", "{E24AF007-D2AE-4478-B80F-44FEF480BACB}"
EndProject
Project("{FAE04EC0-301F-11D3-BF4B-00C04F79EFBC}") = "InterfaceEx6", "InterfaceEx6\InterfaceEx6.csproj", "{B2335F3D-B507-45D9-99EA-CC37B8FE7DCD}"
EndProject
Project("{FAE04EC0-301F-11D3-BF4B-00C04F79EFBC}") = "Test_Interface", "Test_Interface\Test_Interface.csproj", "{F0C32144-4CC8-4F02-A416-6EF25C00C5DE}"
EndProject
Project("{FAE04EC0-301F-11D3-BF4B-00C04F79EFBC}") = "PropertiesEx1", "PropertiesEx1\PropertiesEx1.csproj", "{3F8EED1A-7CF6-4DC5-95B2-C82715D115D1}"
EndProject
Project("{FAE04EC0-301F-11D3-BF4B-00C04F79EFBC}") = "Test4_Property", "Test4_Property\Test4_Property.csproj", "{3C595941-3DA3-40E6-8195-11A5206A91F2}"
EndProject
Project("{FAE04EC0-301F-11D3-BF4B-00C04F79EFBC}") = "VirtualPropertyEx1", "VirtualPropertyEx1\VirtualPropertyEx1.csproj", "{C104D86A-02D3-4253-BBE5-8C375179F69D}"
EndProject
Project("{FAE04EC0-301F-11D3-BF4B-00C04F79EFBC}") = "QuizOnPrivateSetProperty", "QuizOnPrivateSetProperty\QuizOnPrivateSetProperty.csproj", "{62BFBBC2-FACE-45F6-BD76-15BE1BB98C99}"
EndProject
Project("{FAE04EC0-301F-11D3-BF4B-00C04F79EFBC}") = "QuizOnPrivateSet", "QuizOnPrivateSet\QuizOnPrivateSet.csproj", "{5913B0ED-6C58-415A-A130-84D4E1E1415E}"
EndProject
Project("{FAE04EC0-301F-11D3-BF4B-00C04F79EFBC}") = "IndexerEx1", "IndexerEx1\IndexerEx1.csproj", "{3D117E7D-2076-4917-A8D5-FA5FD2DA2760}"
EndProject
Project("{FAE04EC0-301F-11D3-BF4B-00C04F79EFBC}") = "IndexerQuiz1", "IndexerQuiz1\IndexerQuiz1.csproj", "{9D4AD213-4C92-4C4A-957E-E9BBACF304B4}"
EndProject
Project("{FAE04EC0-301F-11D3-BF4B-00C04F79EFBC}") = "IndexerEx2", "IndexerEx2\IndexerEx2.csproj", "{E4D16DC8-410E-4CDB-B94D-15E56E46327D}"
EndProject
Project("{FAE04EC0-301F-11D3-BF4B-00C04F79EFBC}") = "IndexerQuiz2", "IndexerQuiz2\IndexerQuiz2.csproj", "{CD5ED2ED-3B0B-4B9E-B719-5AB7CDE66F9C}"
EndProject
Project("{FAE04EC0-301F-11D3-BF4B-00C04F79EFBC}") = "StaticClassEx1", "StaticClassEx1\StaticClassEx1.csproj", "{D329B4D1-0703-40F4-8E2B-96B2F8459994}"
EndProject
Project("{FAE04EC0-301F-11D3-BF4B-00C04F79EFBC}") = "StaticMethodsEx1", "StaticMethodsEx1\StaticMethodsEx1.csproj", "{2F873C70-EBAA-442F-87D7-FFED4F99A1D4}"
EndProject
Global
	GlobalSection(SolutionConfigurationPlatforms) = preSolution
		Debug|Any CPU = Debug|Any CPU
		Release|Any CPU = Release|Any CPU
	EndGlobalSection
	GlobalSection(ProjectConfigurationPlatforms) = postSolution
		{9A09F689-64F6-47E5-B0D7-9E312692A16B}.Debug|Any CPU.ActiveCfg = Debug|Any CPU
		{9A09F689-64F6-47E5-B0D7-9E312692A16B}.Debug|Any CPU.Build.0 = Debug|Any CPU
		{9A09F689-64F6-47E5-B0D7-9E312692A16B}.Release|Any CPU.ActiveCfg = Release|Any CPU
		{9A09F689-64F6-47E5-B0D7-9E312692A16B}.Release|Any CPU.Build.0 = Release|Any CPU
		{8D368E07-336D-4B28-B981-B09990A1CC1F}.Debug|Any CPU.ActiveCfg = Debug|Any CPU
		{8D368E07-336D-4B28-B981-B09990A1CC1F}.Debug|Any CPU.Build.0 = Debug|Any CPU
		{8D368E07-336D-4B28-B981-B09990A1CC1F}.Release|Any CPU.ActiveCfg = Release|Any CPU
		{8D368E07-336D-4B28-B981-B09990A1CC1F}.Release|Any CPU.Build.0 = Release|Any CPU
		{5F24E2ED-F154-45E4-85C2-26E1D12EA96C}.Debug|Any CPU.ActiveCfg = Debug|Any CPU
		{5F24E2ED-F154-45E4-85C2-26E1D12EA96C}.Debug|Any CPU.Build.0 = Debug|Any CPU
		{5F24E2ED-F154-45E4-85C2-26E1D12EA96C}.Release|Any CPU.ActiveCfg = Release|Any CPU
		{5F24E2ED-F154-45E4-85C2-26E1D12EA96C}.Release|Any CPU.Build.0 = Release|Any CPU
		{2EA47BB8-5383-45E2-8A0C-64B61C65F746}.Debug|Any CPU.ActiveCfg = Debug|Any CPU
		{2EA47BB8-5383-45E2-8A0C-64B61C65F746}.Debug|Any CPU.Build.0 = Debug|Any CPU
		{2EA47BB8-5383-45E2-8A0C-64B61C65F746}.Release|Any CPU.ActiveCfg = Release|Any CPU
		{2EA47BB8-5383-45E2-8A0C-64B61C65F746}.Release|Any CPU.Build.0 = Release|Any CPU
		{F613562F-129C-4170-9DDF-C3AE15421C2A}.Debug|Any CPU.ActiveCfg = Debug|Any CPU
		{F613562F-129C-4170-9DDF-C3AE15421C2A}.Debug|Any CPU.Build.0 = Debug|Any CPU
		{F613562F-129C-4170-9DDF-C3AE15421C2A}.Release|Any CPU.ActiveCfg = Release|Any CPU
		{F613562F-129C-4170-9DDF-C3AE15421C2A}.Release|Any CPU.Build.0 = Release|Any CPU
		{AB952D0A-0D38-4D48-BA22-F3BF76E6881C}.Debug|Any CPU.ActiveCfg = Debug|Any CPU
		{AB952D0A-0D38-4D48-BA22-F3BF76E6881C}.Debug|Any CPU.Build.0 = Debug|Any CPU
		{AB952D0A-0D38-4D48-BA22-F3BF76E6881C}.Release|Any CPU.ActiveCfg = Release|Any CPU
		{AB952D0A-0D38-4D48-BA22-F3BF76E6881C}.Release|Any CPU.Build.0 = Release|Any CPU
		{61C7A7A7-EDAF-4D27-8D01-680D618A256B}.Debug|Any CPU.ActiveCfg = Debug|Any CPU
		{61C7A7A7-EDAF-4D27-8D01-680D618A256B}.Debug|Any CPU.Build.0 = Debug|Any CPU
		{61C7A7A7-EDAF-4D27-8D01-680D618A256B}.Release|Any CPU.ActiveCfg = Release|Any CPU
		{61C7A7A7-EDAF-4D27-8D01-680D618A256B}.Release|Any CPU.Build.0 = Release|Any CPU
		{B6F32BB8-9C45-4200-81CB-5420D64CA47C}.Debug|Any CPU.ActiveCfg = Debug|Any CPU
		{B6F32BB8-9C45-4200-81CB-5420D64CA47C}.Debug|Any CPU.Build.0 = Debug|Any CPU
		{B6F32BB8-9C45-4200-81CB-5420D64CA47C}.Release|Any CPU.ActiveCfg = Release|Any CPU
		{B6F32BB8-9C45-4200-81CB-5420D64CA47C}.Release|Any CPU.Build.0 = Release|Any CPU
		{6E337813-9367-4E34-8418-EFB5D850BD7E}.Debug|Any CPU.ActiveCfg = Debug|Any CPU
		{6E337813-9367-4E34-8418-EFB5D850BD7E}.Debug|Any CPU.Build.0 = Debug|Any CPU
		{6E337813-9367-4E34-8418-EFB5D850BD7E}.Release|Any CPU.ActiveCfg = Release|Any CPU
		{6E337813-9367-4E34-8418-EFB5D850BD7E}.Release|Any CPU.Build.0 = Release|Any CPU
		{A30A5A8F-CD04-4E7A-85CD-F41F7BBB1DF2}.Debug|Any CPU.ActiveCfg = Debug|Any CPU
		{A30A5A8F-CD04-4E7A-85CD-F41F7BBB1DF2}.Debug|Any CPU.Build.0 = Debug|Any CPU
		{A30A5A8F-CD04-4E7A-85CD-F41F7BBB1DF2}.Release|Any CPU.ActiveCfg = Release|Any CPU
		{A30A5A8F-CD04-4E7A-85CD-F41F7BBB1DF2}.Release|Any CPU.Build.0 = Release|Any CPU
		{F1992C41-7BAF-4FA5-B5CC-F548B186FBFF}.Debug|Any CPU.ActiveCfg = Debug|Any CPU
		{F1992C41-7BAF-4FA5-B5CC-F548B186FBFF}.Debug|Any CPU.Build.0 = Debug|Any CPU
		{F1992C41-7BAF-4FA5-B5CC-F548B186FBFF}.Release|Any CPU.ActiveCfg = Release|Any CPU
		{F1992C41-7BAF-4FA5-B5CC-F548B186FBFF}.Release|Any CPU.Build.0 = Release|Any CPU
		{23E470ED-4E44-409A-B3E7-5D6FD3FD9B8A}.Debug|Any CPU.ActiveCfg = Debug|Any CPU
		{23E470ED-4E44-409A-B3E7-5D6FD3FD9B8A}.Debug|Any CPU.Build.0 = Debug|Any CPU
		{23E470ED-4E44-409A-B3E7-5D6FD3FD9B8A}.Release|Any CPU.ActiveCfg = Release|Any CPU
		{23E470ED-4E44-409A-B3E7-5D6FD3FD9B8A}.Release|Any CPU.Build.0 = Release|Any CPU
		{0EA88DDB-40F0-492E-A50B-FFFB009C3815}.Debug|Any CPU.ActiveCfg = Debug|Any CPU
		{0EA88DDB-40F0-492E-A50B-FFFB009C3815}.Debug|Any CPU.Build.0 = Debug|Any CPU
		{0EA88DDB-40F0-492E-A50B-FFFB009C3815}.Release|Any CPU.ActiveCfg = Release|Any CPU
		{0EA88DDB-40F0-492E-A50B-FFFB009C3815}.Release|Any CPU.Build.0 = Release|Any CPU
		{E64F8FDB-9A4C-47CA-BDF0-44D3C55E794C}.Debug|Any CPU.ActiveCfg = Debug|Any CPU
		{E64F8FDB-9A4C-47CA-BDF0-44D3C55E794C}.Debug|Any CPU.Build.0 = Debug|Any CPU
		{E64F8FDB-9A4C-47CA-BDF0-44D3C55E794C}.Release|Any CPU.ActiveCfg = Release|Any CPU
		{E64F8FDB-9A4C-47CA-BDF0-44D3C55E794C}.Release|Any CPU.Build.0 = Release|Any CPU
		{5221FCC1-4EC7-4C8B-AFB5-F613D8BA4F81}.Debug|Any CPU.ActiveCfg = Debug|Any CPU
		{5221FCC1-4EC7-4C8B-AFB5-F613D8BA4F81}.Debug|Any CPU.Build.0 = Debug|Any CPU
		{5221FCC1-4EC7-4C8B-AFB5-F613D8BA4F81}.Release|Any CPU.ActiveCfg = Release|Any CPU
		{5221FCC1-4EC7-4C8B-AFB5-F613D8BA4F81}.Release|Any CPU.Build.0 = Release|Any CPU
		{3D05DA7F-A72B-46CE-91CA-3895D9E5C247}.Debug|Any CPU.ActiveCfg = Debug|Any CPU
		{3D05DA7F-A72B-46CE-91CA-3895D9E5C247}.Debug|Any CPU.Build.0 = Debug|Any CPU
		{3D05DA7F-A72B-46CE-91CA-3895D9E5C247}.Release|Any CPU.ActiveCfg = Release|Any CPU
		{3D05DA7F-A72B-46CE-91CA-3895D9E5C247}.Release|Any CPU.Build.0 = Release|Any CPU
		{D3A95CCC-0574-4CCB-B69C-6D7F07229573}.Debug|Any CPU.ActiveCfg = Debug|Any CPU
		{D3A95CCC-0574-4CCB-B69C-6D7F07229573}.Debug|Any CPU.Build.0 = Debug|Any CPU
		{D3A95CCC-0574-4CCB-B69C-6D7F07229573}.Release|Any CPU.ActiveCfg = Release|Any CPU
		{D3A95CCC-0574-4CCB-B69C-6D7F07229573}.Release|Any CPU.Build.0 = Release|Any CPU
		{09AA0E49-4960-4865-9445-1011861A8C23}.Debug|Any CPU.ActiveCfg = Debug|Any CPU
		{09AA0E49-4960-4865-9445-1011861A8C23}.Debug|Any CPU.Build.0 = Debug|Any CPU
		{09AA0E49-4960-4865-9445-1011861A8C23}.Release|Any CPU.ActiveCfg = Release|Any CPU
		{09AA0E49-4960-4865-9445-1011861A8C23}.Release|Any CPU.Build.0 = Release|Any CPU
		{390C9C15-04CE-4EA3-9E74-99373FBAA36C}.Debug|Any CPU.ActiveCfg = Debug|Any CPU
		{390C9C15-04CE-4EA3-9E74-99373FBAA36C}.Debug|Any CPU.Build.0 = Debug|Any CPU
		{390C9C15-04CE-4EA3-9E74-99373FBAA36C}.Release|Any CPU.ActiveCfg = Release|Any CPU
		{390C9C15-04CE-4EA3-9E74-99373FBAA36C}.Release|Any CPU.Build.0 = Release|Any CPU
		{3B418D9B-83F0-4E84-9A2C-B92B94E01A7E}.Debug|Any CPU.ActiveCfg = Debug|Any CPU
		{3B418D9B-83F0-4E84-9A2C-B92B94E01A7E}.Debug|Any CPU.Build.0 = Debug|Any CPU
		{3B418D9B-83F0-4E84-9A2C-B92B94E01A7E}.Release|Any CPU.ActiveCfg = Release|Any CPU
		{3B418D9B-83F0-4E84-9A2C-B92B94E01A7E}.Release|Any CPU.Build.0 = Release|Any CPU
		{07EDB8B0-C536-469E-8FB0-8EF8D816F276}.Debug|Any CPU.ActiveCfg = Debug|Any CPU
		{07EDB8B0-C536-469E-8FB0-8EF8D816F276}.Debug|Any CPU.Build.0 = Debug|Any CPU
		{07EDB8B0-C536-469E-8FB0-8EF8D816F276}.Release|Any CPU.ActiveCfg = Release|Any CPU
		{07EDB8B0-C536-469E-8FB0-8EF8D816F276}.Release|Any CPU.Build.0 = Release|Any CPU
		{3DA90D99-A0E0-4829-B102-65062AE8CB96}.Debug|Any CPU.ActiveCfg = Debug|Any CPU
		{3DA90D99-A0E0-4829-B102-65062AE8CB96}.Debug|Any CPU.Build.0 = Debug|Any CPU
		{3DA90D99-A0E0-4829-B102-65062AE8CB96}.Release|Any CPU.ActiveCfg = Release|Any CPU
		{3DA90D99-A0E0-4829-B102-65062AE8CB96}.Release|Any CPU.Build.0 = Release|Any CPU
		{22DD4B3C-C0EE-43EC-9BC7-03E7068C0E81}.Debug|Any CPU.ActiveCfg = Debug|Any CPU
		{22DD4B3C-C0EE-43EC-9BC7-03E7068C0E81}.Debug|Any CPU.Build.0 = Debug|Any CPU
		{22DD4B3C-C0EE-43EC-9BC7-03E7068C0E81}.Release|Any CPU.ActiveCfg = Release|Any CPU
		{22DD4B3C-C0EE-43EC-9BC7-03E7068C0E81}.Release|Any CPU.Build.0 = Release|Any CPU
		{60DC87FE-73CA-439B-8598-ACAD6DED3B3C}.Debug|Any CPU.ActiveCfg = Debug|Any CPU
		{60DC87FE-73CA-439B-8598-ACAD6DED3B3C}.Debug|Any CPU.Build.0 = Debug|Any CPU
		{60DC87FE-73CA-439B-8598-ACAD6DED3B3C}.Release|Any CPU.ActiveCfg = Release|Any CPU
		{60DC87FE-73CA-439B-8598-ACAD6DED3B3C}.Release|Any CPU.Build.0 = Release|Any CPU
		{78D53002-C78A-4EA8-BF2F-9B4E818E05AD}.Debug|Any CPU.ActiveCfg = Debug|Any CPU
		{78D53002-C78A-4EA8-BF2F-9B4E818E05AD}.Debug|Any CPU.Build.0 = Debug|Any CPU
		{78D53002-C78A-4EA8-BF2F-9B4E818E05AD}.Release|Any CPU.ActiveCfg = Release|Any CPU
		{78D53002-C78A-4EA8-BF2F-9B4E818E05AD}.Release|Any CPU.Build.0 = Release|Any CPU
		{343BBD22-AF5E-491F-A854-D968DEF9287A}.Debug|Any CPU.ActiveCfg = Debug|Any CPU
		{343BBD22-AF5E-491F-A854-D968DEF9287A}.Debug|Any CPU.Build.0 = Debug|Any CPU
		{343BBD22-AF5E-491F-A854-D968DEF9287A}.Release|Any CPU.ActiveCfg = Release|Any CPU
		{343BBD22-AF5E-491F-A854-D968DEF9287A}.Release|Any CPU.Build.0 = Release|Any CPU
		{0A35411C-CD8D-4A65-9C9D-C1A32BE8E4AB}.Debug|Any CPU.ActiveCfg = Debug|Any CPU
		{0A35411C-CD8D-4A65-9C9D-C1A32BE8E4AB}.Debug|Any CPU.Build.0 = Debug|Any CPU
		{0A35411C-CD8D-4A65-9C9D-C1A32BE8E4AB}.Release|Any CPU.ActiveCfg = Release|Any CPU
		{0A35411C-CD8D-4A65-9C9D-C1A32BE8E4AB}.Release|Any CPU.Build.0 = Release|Any CPU
		{02272C1B-3BFA-41B0-99F8-2EF4F2D8BDAE}.Debug|Any CPU.ActiveCfg = Debug|Any CPU
		{02272C1B-3BFA-41B0-99F8-2EF4F2D8BDAE}.Debug|Any CPU.Build.0 = Debug|Any CPU
		{02272C1B-3BFA-41B0-99F8-2EF4F2D8BDAE}.Release|Any CPU.ActiveCfg = Release|Any CPU
		{02272C1B-3BFA-41B0-99F8-2EF4F2D8BDAE}.Release|Any CPU.Build.0 = Release|Any CPU
		{281ECF89-0E62-44EA-A794-D79BCD81FD39}.Debug|Any CPU.ActiveCfg = Debug|Any CPU
		{281ECF89-0E62-44EA-A794-D79BCD81FD39}.Debug|Any CPU.Build.0 = Debug|Any CPU
		{281ECF89-0E62-44EA-A794-D79BCD81FD39}.Release|Any CPU.ActiveCfg = Release|Any CPU
		{281ECF89-0E62-44EA-A794-D79BCD81FD39}.Release|Any CPU.Build.0 = Release|Any CPU
		{0471CCC8-1813-41FF-B7A1-1A3F40E189F1}.Debug|Any CPU.ActiveCfg = Debug|Any CPU
		{0471CCC8-1813-41FF-B7A1-1A3F40E189F1}.Debug|Any CPU.Build.0 = Debug|Any CPU
		{0471CCC8-1813-41FF-B7A1-1A3F40E189F1}.Release|Any CPU.ActiveCfg = Release|Any CPU
		{0471CCC8-1813-41FF-B7A1-1A3F40E189F1}.Release|Any CPU.Build.0 = Release|Any CPU
		{CF275B4D-D784-4216-B662-414174B3440C}.Debug|Any CPU.ActiveCfg = Debug|Any CPU
		{CF275B4D-D784-4216-B662-414174B3440C}.Debug|Any CPU.Build.0 = Debug|Any CPU
		{CF275B4D-D784-4216-B662-414174B3440C}.Release|Any CPU.ActiveCfg = Release|Any CPU
		{CF275B4D-D784-4216-B662-414174B3440C}.Release|Any CPU.Build.0 = Release|Any CPU
		{159DDB0C-4E08-4C9B-BA1A-75BCFE65FB4A}.Debug|Any CPU.ActiveCfg = Debug|Any CPU
		{159DDB0C-4E08-4C9B-BA1A-75BCFE65FB4A}.Debug|Any CPU.Build.0 = Debug|Any CPU
		{159DDB0C-4E08-4C9B-BA1A-75BCFE65FB4A}.Release|Any CPU.ActiveCfg = Release|Any CPU
		{159DDB0C-4E08-4C9B-BA1A-75BCFE65FB4A}.Release|Any CPU.Build.0 = Release|Any CPU
		{65FD1691-C18E-4E9A-BF3C-ADE2C79C2BFD}.Debug|Any CPU.ActiveCfg = Debug|Any CPU
		{65FD1691-C18E-4E9A-BF3C-ADE2C79C2BFD}.Debug|Any CPU.Build.0 = Debug|Any CPU
		{65FD1691-C18E-4E9A-BF3C-ADE2C79C2BFD}.Release|Any CPU.ActiveCfg = Release|Any CPU
		{65FD1691-C18E-4E9A-BF3C-ADE2C79C2BFD}.Release|Any CPU.Build.0 = Release|Any CPU
		{7C27DBBD-3BD4-4F7F-8F6D-FC7826A4E9E3}.Debug|Any CPU.ActiveCfg = Debug|Any CPU
		{7C27DBBD-3BD4-4F7F-8F6D-FC7826A4E9E3}.Debug|Any CPU.Build.0 = Debug|Any CPU
		{7C27DBBD-3BD4-4F7F-8F6D-FC7826A4E9E3}.Release|Any CPU.ActiveCfg = Release|Any CPU
		{7C27DBBD-3BD4-4F7F-8F6D-FC7826A4E9E3}.Release|Any CPU.Build.0 = Release|Any CPU
		{AEB90F2D-7162-400F-ABA1-00D44C16444A}.Debug|Any CPU.ActiveCfg = Debug|Any CPU
		{AEB90F2D-7162-400F-ABA1-00D44C16444A}.Debug|Any CPU.Build.0 = Debug|Any CPU
		{AEB90F2D-7162-400F-ABA1-00D44C16444A}.Release|Any CPU.ActiveCfg = Release|Any CPU
		{AEB90F2D-7162-400F-ABA1-00D44C16444A}.Release|Any CPU.Build.0 = Release|Any CPU
		{2EE575AE-BBCF-480E-A0AC-47D3F9954A31}.Debug|Any CPU.ActiveCfg = Debug|Any CPU
		{2EE575AE-BBCF-480E-A0AC-47D3F9954A31}.Debug|Any CPU.Build.0 = Debug|Any CPU
		{2EE575AE-BBCF-480E-A0AC-47D3F9954A31}.Release|Any CPU.ActiveCfg = Release|Any CPU
		{2EE575AE-BBCF-480E-A0AC-47D3F9954A31}.Release|Any CPU.Build.0 = Release|Any CPU
		{BCE89488-D35B-4C7F-8F05-0008C7304188}.Debug|Any CPU.ActiveCfg = Debug|Any CPU
		{BCE89488-D35B-4C7F-8F05-0008C7304188}.Debug|Any CPU.Build.0 = Debug|Any CPU
		{BCE89488-D35B-4C7F-8F05-0008C7304188}.Release|Any CPU.ActiveCfg = Release|Any CPU
		{BCE89488-D35B-4C7F-8F05-0008C7304188}.Release|Any CPU.Build.0 = Release|Any CPU
		{B475CFCD-7C47-478C-9538-EF134F67DF71}.Debug|Any CPU.ActiveCfg = Debug|Any CPU
		{B475CFCD-7C47-478C-9538-EF134F67DF71}.Debug|Any CPU.Build.0 = Debug|Any CPU
		{B475CFCD-7C47-478C-9538-EF134F67DF71}.Release|Any CPU.ActiveCfg = Release|Any CPU
		{B475CFCD-7C47-478C-9538-EF134F67DF71}.Release|Any CPU.Build.0 = Release|Any CPU
		{7174BD85-5973-413D-879A-64B4F81FDAA1}.Debug|Any CPU.ActiveCfg = Debug|Any CPU
		{7174BD85-5973-413D-879A-64B4F81FDAA1}.Debug|Any CPU.Build.0 = Debug|Any CPU
		{7174BD85-5973-413D-879A-64B4F81FDAA1}.Release|Any CPU.ActiveCfg = Release|Any CPU
		{7174BD85-5973-413D-879A-64B4F81FDAA1}.Release|Any CPU.Build.0 = Release|Any CPU
		{DD1B96A5-5DD1-4A11-A8A1-51EF05AE586B}.Debug|Any CPU.ActiveCfg = Debug|Any CPU
		{DD1B96A5-5DD1-4A11-A8A1-51EF05AE586B}.Debug|Any CPU.Build.0 = Debug|Any CPU
		{DD1B96A5-5DD1-4A11-A8A1-51EF05AE586B}.Release|Any CPU.ActiveCfg = Release|Any CPU
		{DD1B96A5-5DD1-4A11-A8A1-51EF05AE586B}.Release|Any CPU.Build.0 = Release|Any CPU
		{BB841CC2-FE76-4C2A-96ED-9DB8E2F53694}.Debug|Any CPU.ActiveCfg = Debug|Any CPU
		{BB841CC2-FE76-4C2A-96ED-9DB8E2F53694}.Debug|Any CPU.Build.0 = Debug|Any CPU
		{BB841CC2-FE76-4C2A-96ED-9DB8E2F53694}.Release|Any CPU.ActiveCfg = Release|Any CPU
		{BB841CC2-FE76-4C2A-96ED-9DB8E2F53694}.Release|Any CPU.Build.0 = Release|Any CPU
		{E5E2DFDD-2168-4119-B341-0B52354026B6}.Debug|Any CPU.ActiveCfg = Debug|Any CPU
		{E5E2DFDD-2168-4119-B341-0B52354026B6}.Debug|Any CPU.Build.0 = Debug|Any CPU
		{E5E2DFDD-2168-4119-B341-0B52354026B6}.Release|Any CPU.ActiveCfg = Release|Any CPU
		{E5E2DFDD-2168-4119-B341-0B52354026B6}.Release|Any CPU.Build.0 = Release|Any CPU
		{C4BC91A2-B806-4CA1-8E14-21F5F09567F9}.Debug|Any CPU.ActiveCfg = Debug|Any CPU
		{C4BC91A2-B806-4CA1-8E14-21F5F09567F9}.Debug|Any CPU.Build.0 = Debug|Any CPU
		{C4BC91A2-B806-4CA1-8E14-21F5F09567F9}.Release|Any CPU.ActiveCfg = Release|Any CPU
		{C4BC91A2-B806-4CA1-8E14-21F5F09567F9}.Release|Any CPU.Build.0 = Release|Any CPU
		{0F95A06C-C9A3-4898-91ED-90A6D9F555D9}.Debug|Any CPU.ActiveCfg = Debug|Any CPU
		{0F95A06C-C9A3-4898-91ED-90A6D9F555D9}.Debug|Any CPU.Build.0 = Debug|Any CPU
		{0F95A06C-C9A3-4898-91ED-90A6D9F555D9}.Release|Any CPU.ActiveCfg = Release|Any CPU
		{0F95A06C-C9A3-4898-91ED-90A6D9F555D9}.Release|Any CPU.Build.0 = Release|Any CPU
		{A22B0719-358B-4D46-BE76-EB9020842BD8}.Debug|Any CPU.ActiveCfg = Debug|Any CPU
		{A22B0719-358B-4D46-BE76-EB9020842BD8}.Debug|Any CPU.Build.0 = Debug|Any CPU
		{A22B0719-358B-4D46-BE76-EB9020842BD8}.Release|Any CPU.ActiveCfg = Release|Any CPU
		{A22B0719-358B-4D46-BE76-EB9020842BD8}.Release|Any CPU.Build.0 = Release|Any CPU
		{E24AF007-D2AE-4478-B80F-44FEF480BACB}.Debug|Any CPU.ActiveCfg = Debug|Any CPU
		{E24AF007-D2AE-4478-B80F-44FEF480BACB}.Debug|Any CPU.Build.0 = Debug|Any CPU
		{E24AF007-D2AE-4478-B80F-44FEF480BACB}.Release|Any CPU.ActiveCfg = Release|Any CPU
		{E24AF007-D2AE-4478-B80F-44FEF480BACB}.Release|Any CPU.Build.0 = Release|Any CPU
		{B2335F3D-B507-45D9-99EA-CC37B8FE7DCD}.Debug|Any CPU.ActiveCfg = Debug|Any CPU
		{B2335F3D-B507-45D9-99EA-CC37B8FE7DCD}.Debug|Any CPU.Build.0 = Debug|Any CPU
		{B2335F3D-B507-45D9-99EA-CC37B8FE7DCD}.Release|Any CPU.ActiveCfg = Release|Any CPU
		{B2335F3D-B507-45D9-99EA-CC37B8FE7DCD}.Release|Any CPU.Build.0 = Release|Any CPU
		{F0C32144-4CC8-4F02-A416-6EF25C00C5DE}.Debug|Any CPU.ActiveCfg = Debug|Any CPU
		{F0C32144-4CC8-4F02-A416-6EF25C00C5DE}.Debug|Any CPU.Build.0 = Debug|Any CPU
		{F0C32144-4CC8-4F02-A416-6EF25C00C5DE}.Release|Any CPU.ActiveCfg = Release|Any CPU
		{F0C32144-4CC8-4F02-A416-6EF25C00C5DE}.Release|Any CPU.Build.0 = Release|Any CPU
		{3F8EED1A-7CF6-4DC5-95B2-C82715D115D1}.Debug|Any CPU.ActiveCfg = Debug|Any CPU
		{3F8EED1A-7CF6-4DC5-95B2-C82715D115D1}.Debug|Any CPU.Build.0 = Debug|Any CPU
		{3F8EED1A-7CF6-4DC5-95B2-C82715D115D1}.Release|Any CPU.ActiveCfg = Release|Any CPU
		{3F8EED1A-7CF6-4DC5-95B2-C82715D115D1}.Release|Any CPU.Build.0 = Release|Any CPU
		{3C595941-3DA3-40E6-8195-11A5206A91F2}.Debug|Any CPU.ActiveCfg = Debug|Any CPU
		{3C595941-3DA3-40E6-8195-11A5206A91F2}.Debug|Any CPU.Build.0 = Debug|Any CPU
		{3C595941-3DA3-40E6-8195-11A5206A91F2}.Release|Any CPU.ActiveCfg = Release|Any CPU
		{3C595941-3DA3-40E6-8195-11A5206A91F2}.Release|Any CPU.Build.0 = Release|Any CPU
		{C104D86A-02D3-4253-BBE5-8C375179F69D}.Debug|Any CPU.ActiveCfg = Debug|Any CPU
		{C104D86A-02D3-4253-BBE5-8C375179F69D}.Debug|Any CPU.Build.0 = Debug|Any CPU
		{C104D86A-02D3-4253-BBE5-8C375179F69D}.Release|Any CPU.ActiveCfg = Release|Any CPU
		{C104D86A-02D3-4253-BBE5-8C375179F69D}.Release|Any CPU.Build.0 = Release|Any CPU
		{62BFBBC2-FACE-45F6-BD76-15BE1BB98C99}.Debug|Any CPU.ActiveCfg = Debug|Any CPU
		{62BFBBC2-FACE-45F6-BD76-15BE1BB98C99}.Debug|Any CPU.Build.0 = Debug|Any CPU
		{62BFBBC2-FACE-45F6-BD76-15BE1BB98C99}.Release|Any CPU.ActiveCfg = Release|Any CPU
		{62BFBBC2-FACE-45F6-BD76-15BE1BB98C99}.Release|Any CPU.Build.0 = Release|Any CPU
		{5913B0ED-6C58-415A-A130-84D4E1E1415E}.Debug|Any CPU.ActiveCfg = Debug|Any CPU
		{5913B0ED-6C58-415A-A130-84D4E1E1415E}.Debug|Any CPU.Build.0 = Debug|Any CPU
		{5913B0ED-6C58-415A-A130-84D4E1E1415E}.Release|Any CPU.ActiveCfg = Release|Any CPU
		{5913B0ED-6C58-415A-A130-84D4E1E1415E}.Release|Any CPU.Build.0 = Release|Any CPU
		{3D117E7D-2076-4917-A8D5-FA5FD2DA2760}.Debug|Any CPU.ActiveCfg = Debug|Any CPU
		{3D117E7D-2076-4917-A8D5-FA5FD2DA2760}.Debug|Any CPU.Build.0 = Debug|Any CPU
		{3D117E7D-2076-4917-A8D5-FA5FD2DA2760}.Release|Any CPU.ActiveCfg = Release|Any CPU
		{3D117E7D-2076-4917-A8D5-FA5FD2DA2760}.Release|Any CPU.Build.0 = Release|Any CPU
		{9D4AD213-4C92-4C4A-957E-E9BBACF304B4}.Debug|Any CPU.ActiveCfg = Debug|Any CPU
		{9D4AD213-4C92-4C4A-957E-E9BBACF304B4}.Debug|Any CPU.Build.0 = Debug|Any CPU
		{9D4AD213-4C92-4C4A-957E-E9BBACF304B4}.Release|Any CPU.ActiveCfg = Release|Any CPU
		{9D4AD213-4C92-4C4A-957E-E9BBACF304B4}.Release|Any CPU.Build.0 = Release|Any CPU
		{E4D16DC8-410E-4CDB-B94D-15E56E46327D}.Debug|Any CPU.ActiveCfg = Debug|Any CPU
		{E4D16DC8-410E-4CDB-B94D-15E56E46327D}.Debug|Any CPU.Build.0 = Debug|Any CPU
		{E4D16DC8-410E-4CDB-B94D-15E56E46327D}.Release|Any CPU.ActiveCfg = Release|Any CPU
		{E4D16DC8-410E-4CDB-B94D-15E56E46327D}.Release|Any CPU.Build.0 = Release|Any CPU
		{CD5ED2ED-3B0B-4B9E-B719-5AB7CDE66F9C}.Debug|Any CPU.ActiveCfg = Debug|Any CPU
		{CD5ED2ED-3B0B-4B9E-B719-5AB7CDE66F9C}.Debug|Any CPU.Build.0 = Debug|Any CPU
		{CD5ED2ED-3B0B-4B9E-B719-5AB7CDE66F9C}.Release|Any CPU.ActiveCfg = Release|Any CPU
		{CD5ED2ED-3B0B-4B9E-B719-5AB7CDE66F9C}.Release|Any CPU.Build.0 = Release|Any CPU
		{D329B4D1-0703-40F4-8E2B-96B2F8459994}.Debug|Any CPU.ActiveCfg = Debug|Any CPU
		{D329B4D1-0703-40F4-8E2B-96B2F8459994}.Debug|Any CPU.Build.0 = Debug|Any CPU
		{D329B4D1-0703-40F4-8E2B-96B2F8459994}.Release|Any CPU.ActiveCfg = Release|Any CPU
		{D329B4D1-0703-40F4-8E2B-96B2F8459994}.Release|Any CPU.Build.0 = Release|Any CPU
		{2F873C70-EBAA-442F-87D7-FFED4F99A1D4}.Debug|Any CPU.ActiveCfg = Debug|Any CPU
		{2F873C70-EBAA-442F-87D7-FFED4F99A1D4}.Debug|Any CPU.Build.0 = Debug|Any CPU
		{2F873C70-EBAA-442F-87D7-FFED4F99A1D4}.Release|Any CPU.ActiveCfg = Release|Any CPU
		{2F873C70-EBAA-442F-87D7-FFED4F99A1D4}.Release|Any CPU.Build.0 = Release|Any CPU
	EndGlobalSection
	GlobalSection(SolutionProperties) = preSolution
		HideSolutionNode = FALSE
	EndGlobalSection
	GlobalSection(ExtensibilityGlobals) = postSolution
		SolutionGuid = {95402B6F-59DE-47A5-84A6-270CE4B806F3}
	EndGlobalSection
EndGlobal
