
Microsoft Visual Studio Solution File, Format Version 12.00
# Visual Studio 15
VisualStudioVersion = 15.0.28307.271
MinimumVisualStudioVersion = 10.0.40219.1
Project("{FAE04EC0-301F-11D3-BF4B-00C04F79EFBC}") = "ClassEx1", "ClassEx1\ClassEx1.csproj", "{9A09F689-64F6-47E5-B0D7-9E312692A16B}"
EndProject
Project("{FAE04EC0-301F-11D3-BF4B-00C04F79EFBC}") = "DefaultConstructorCaseStudy", "DefaultConstructorCaseStudy\DefaultConstructorCaseStudy.csproj", "{8D368E07-336D-4B28-B981-B09990A1CC1F}"
EndProject
Project("{FAE04EC0-301F-11D3-BF4B-00C04F79EFBC}") = "ConsEx2", "ConsEx2\ConsEx2.csproj", "{5F24E2ED-F154-45E4-85C2-26E1D12EA96C}"
EndProject
Project("{FAE04EC0-301F-11D3-BF4B-00C04F79EFBC}") = "ClassEx2", "ClassEx2\ClassEx2.csproj", "{2EA47BB8-5383-45E2-8A0C-64B61C65F746}"
EndProject
Project("{FAE04EC0-301F-11D3-BF4B-00C04F79EFBC}") = "ClassEx4", "ClassEx4\ClassEx4.csproj", "{F613562F-129C-4170-9DDF-C3AE15421C2A}"
EndProject
Project("{FAE04EC0-301F-11D3-BF4B-00C04F79EFBC}") = "InstanceMethodDemo", "InstanceMethodDemo\InstanceMethodDemo.csproj", "{AB952D0A-0D38-4D48-BA22-F3BF76E6881C}"
EndProject
Project("{FAE04EC0-301F-11D3-BF4B-00C04F79EFBC}") = "ObjectInitializerEx1", "ObjectInitializerEx1\ObjectInitializerEx1.csproj", "{61C7A7A7-EDAF-4D27-8D01-680D618A256B}"
EndProject
Project("{FAE04EC0-301F-11D3-BF4B-00C04F79EFBC}") = "OptionalParameterEx1", "OptionalParameterEx1\OptionalParameterEx1.csproj", "{B6F32BB8-9C45-4200-81CB-5420D64CA47C}"
EndProject
Global
	GlobalSection(SolutionConfigurationPlatforms) = preSolution
		Debug|Any CPU = Debug|Any CPU
		Release|Any CPU = Release|Any CPU
	EndGlobalSection
	GlobalSection(ProjectConfigurationPlatforms) = postSolution
		{9A09F689-64F6-47E5-B0D7-9E312692A16B}.Debug|Any CPU.ActiveCfg = Debug|Any CPU
		{9A09F689-64F6-47E5-B0D7-9E312692A16B}.Debug|Any CPU.Build.0 = Debug|Any CPU
		{9A09F689-64F6-47E5-B0D7-9E312692A16B}.Release|Any CPU.ActiveCfg = Release|Any CPU
		{9A09F689-64F6-47E5-B0D7-9E312692A16B}.Release|Any CPU.Build.0 = Release|Any CPU
		{8D368E07-336D-4B28-B981-B09990A1CC1F}.Debug|Any CPU.ActiveCfg = Debug|Any CPU
		{8D368E07-336D-4B28-B981-B09990A1CC1F}.Debug|Any CPU.Build.0 = Debug|Any CPU
		{8D368E07-336D-4B28-B981-B09990A1CC1F}.Release|Any CPU.ActiveCfg = Release|Any CPU
		{8D368E07-336D-4B28-B981-B09990A1CC1F}.Release|Any CPU.Build.0 = Release|Any CPU
		{5F24E2ED-F154-45E4-85C2-26E1D12EA96C}.Debug|Any CPU.ActiveCfg = Debug|Any CPU
		{5F24E2ED-F154-45E4-85C2-26E1D12EA96C}.Debug|Any CPU.Build.0 = Debug|Any CPU
		{5F24E2ED-F154-45E4-85C2-26E1D12EA96C}.Release|Any CPU.ActiveCfg = Release|Any CPU
		{5F24E2ED-F154-45E4-85C2-26E1D12EA96C}.Release|Any CPU.Build.0 = Release|Any CPU
		{2EA47BB8-5383-45E2-8A0C-64B61C65F746}.Debug|Any CPU.ActiveCfg = Debug|Any CPU
		{2EA47BB8-5383-45E2-8A0C-64B61C65F746}.Debug|Any CPU.Build.0 = Debug|Any CPU
		{2EA47BB8-5383-45E2-8A0C-64B61C65F746}.Release|Any CPU.ActiveCfg = Release|Any CPU
		{2EA47BB8-5383-45E2-8A0C-64B61C65F746}.Release|Any CPU.Build.0 = Release|Any CPU
		{F613562F-129C-4170-9DDF-C3AE15421C2A}.Debug|Any CPU.ActiveCfg = Debug|Any CPU
		{F613562F-129C-4170-9DDF-C3AE15421C2A}.Debug|Any CPU.Build.0 = Debug|Any CPU
		{F613562F-129C-4170-9DDF-C3AE15421C2A}.Release|Any CPU.ActiveCfg = Release|Any CPU
		{F613562F-129C-4170-9DDF-C3AE15421C2A}.Release|Any CPU.Build.0 = Release|Any CPU
		{AB952D0A-0D38-4D48-BA22-F3BF76E6881C}.Debug|Any CPU.ActiveCfg = Debug|Any CPU
		{AB952D0A-0D38-4D48-BA22-F3BF76E6881C}.Debug|Any CPU.Build.0 = Debug|Any CPU
		{AB952D0A-0D38-4D48-BA22-F3BF76E6881C}.Release|Any CPU.ActiveCfg = Release|Any CPU
		{AB952D0A-0D38-4D48-BA22-F3BF76E6881C}.Release|Any CPU.Build.0 = Release|Any CPU
		{61C7A7A7-EDAF-4D27-8D01-680D618A256B}.Debug|Any CPU.ActiveCfg = Debug|Any CPU
		{61C7A7A7-EDAF-4D27-8D01-680D618A256B}.Debug|Any CPU.Build.0 = Debug|Any CPU
		{61C7A7A7-EDAF-4D27-8D01-680D618A256B}.Release|Any CPU.ActiveCfg = Release|Any CPU
		{61C7A7A7-EDAF-4D27-8D01-680D618A256B}.Release|Any CPU.Build.0 = Release|Any CPU
		{B6F32BB8-9C45-4200-81CB-5420D64CA47C}.Debug|Any CPU.ActiveCfg = Debug|Any CPU
		{B6F32BB8-9C45-4200-81CB-5420D64CA47C}.Debug|Any CPU.Build.0 = Debug|Any CPU
		{B6F32BB8-9C45-4200-81CB-5420D64CA47C}.Release|Any CPU.ActiveCfg = Release|Any CPU
		{B6F32BB8-9C45-4200-81CB-5420D64CA47C}.Release|Any CPU.Build.0 = Release|Any CPU
	EndGlobalSection
	GlobalSection(SolutionProperties) = preSolution
		HideSolutionNode = FALSE
	EndGlobalSection
	GlobalSection(ExtensibilityGlobals) = postSolution
		SolutionGuid = {95402B6F-59DE-47A5-84A6-270CE4B806F3}
	EndGlobalSection
EndGlobal
